
Microsoft Visual Studio Solution File, Format Version 12.00
# Visual Studio 2012
Project("{8BC9CEB8-8B4A-11D0-8D11-00A0C91BC942}") = "ArduStation2", "ArduStation2.vcxproj", "{F81D2F91-F2AC-4B5F-B4AF-52451962ADDB}"
EndProject
Global
	GlobalSection(SolutionConfigurationPlatforms) = preSolution
		Debug|Win32 = Debug|Win32
		Release|Win32 = Release|Win32
	EndGlobalSection
	GlobalSection(ProjectConfigurationPlatforms) = postSolution
		{F81D2F91-F2AC-4B5F-B4AF-52451962ADDB}.Debug|Win32.ActiveCfg = Debug|Win32
		{F81D2F91-F2AC-4B5F-B4AF-52451962ADDB}.Debug|Win32.Build.0 = Debug|Win32
		{F81D2F91-F2AC-4B5F-B4AF-52451962ADDB}.Release|Win32.ActiveCfg = Release|Win32
		{F81D2F91-F2AC-4B5F-B4AF-52451962ADDB}.Release|Win32.Build.0 = Release|Win32
	EndGlobalSection
	GlobalSection(SolutionProperties) = preSolution
		HideSolutionNode = FALSE
	EndGlobalSection
EndGlobal
